
Microsoft Visual Studio Solution File, Format Version 12.00
# Visual Studio Version 17
VisualStudioVersion = 17.7.34031.279
MinimumVisualStudioVersion = 10.0.40219.1
Project("{FAE04EC0-301F-11D3-BF4B-00C04F79EFBC}") = "Carumbana-ImageProcessing", "ImageProcessingDiscussion\Carumbana-ImageProcessing.csproj", "{ED05E7B7-EABF-4CD7-B4EA-CEF54E486E7D}"
EndProject
Global
	GlobalSection(SolutionConfigurationPlatforms) = preSolution
		Debug|Any CPU = Debug|Any CPU
		Release|Any CPU = Release|Any CPU
	EndGlobalSection
	GlobalSection(ProjectConfigurationPlatforms) = postSolution
		{ED05E7B7-EABF-4CD7-B4EA-CEF54E486E7D}.Debug|Any CPU.ActiveCfg = Debug|Any CPU
		{ED05E7B7-EABF-4CD7-B4EA-CEF54E486E7D}.Debug|Any CPU.Build.0 = Debug|Any CPU
		{ED05E7B7-EABF-4CD7-B4EA-CEF54E486E7D}.Release|Any CPU.ActiveCfg = Release|Any CPU
		{ED05E7B7-EABF-4CD7-B4EA-CEF54E486E7D}.Release|Any CPU.Build.0 = Release|Any CPU
	EndGlobalSection
	GlobalSection(SolutionProperties) = preSolution
		HideSolutionNode = FALSE
	EndGlobalSection
	GlobalSection(ExtensibilityGlobals) = postSolution
		SolutionGuid = {8A22944F-B698-4BA0-9337-8F6D0706206B}
	EndGlobalSection
EndGlobal
